Microsoft Visual Studio Solution File, Format Version 11.00
# Visual Studio 2008

Project("{1B99CF2A-A5DB-36D7-0E3E-E7EB3BA371B5}") = "randomtrivia", "Assembly-CSharp-firstpass.csproj", "{B56C5D3E-407E-A7AF-9FA9-31520ACBC526}"
EndProject
Project("{1B99CF2A-A5DB-36D7-0E3E-E7EB3BA371B5}") = "randomtrivia", "Assembly-CSharp.csproj", "{BB9778EB-1759-C473-FEAB-6458C71E8C59}"
EndProject
Project("{1B99CF2A-A5DB-36D7-0E3E-E7EB3BA371B5}") = "randomtrivia", "Assembly-CSharp-Editor.csproj", "{14E0661A-DA3D-8B63-F671-24AD20089645}"
EndProject
Global
	GlobalSection(SolutionConfigurationPlatforms) = preSolution
		Debug|Any CPU = Debug|Any CPU
		Release|Any CPU = Release|Any CPU
	EndGlobalSection
	GlobalSection(ProjectConfigurationPlatforms) = postSolution
		{B56C5D3E-407E-A7AF-9FA9-31520ACBC526}.Debug|Any CPU.ActiveCfg = Debug|Any CPU
		{B56C5D3E-407E-A7AF-9FA9-31520ACBC526}.Debug|Any CPU.Build.0 = Debug|Any CPU
		{B56C5D3E-407E-A7AF-9FA9-31520ACBC526}.Release|Any CPU.ActiveCfg = Release|Any CPU
		{B56C5D3E-407E-A7AF-9FA9-31520ACBC526}.Release|Any CPU.Build.0 = Release|Any CPU
		{BB9778EB-1759-C473-FEAB-6458C71E8C59}.Debug|Any CPU.ActiveCfg = Debug|Any CPU
		{BB9778EB-1759-C473-FEAB-6458C71E8C59}.Debug|Any CPU.Build.0 = Debug|Any CPU
		{BB9778EB-1759-C473-FEAB-6458C71E8C59}.Release|Any CPU.ActiveCfg = Release|Any CPU
		{BB9778EB-1759-C473-FEAB-6458C71E8C59}.Release|Any CPU.Build.0 = Release|Any CPU
		{14E0661A-DA3D-8B63-F671-24AD20089645}.Debug|Any CPU.ActiveCfg = Debug|Any CPU
		{14E0661A-DA3D-8B63-F671-24AD20089645}.Debug|Any CPU.Build.0 = Debug|Any CPU
		{14E0661A-DA3D-8B63-F671-24AD20089645}.Release|Any CPU.ActiveCfg = Release|Any CPU
		{14E0661A-DA3D-8B63-F671-24AD20089645}.Release|Any CPU.Build.0 = Release|Any CPU
	EndGlobalSection
	GlobalSection(SolutionProperties) = preSolution
		HideSolutionNode = FALSE
	EndGlobalSection
	GlobalSection(MonoDevelopProperties) = preSolution
		StartupItem = Assembly-CSharp.csproj
	EndGlobalSection
EndGlobal
